// !$*UTF8*$!
{
	archiveVersion = 1;
	classes = {
	};
	objectVersion = 77;
	objects = {

/* Begin PBXContainerItemProxy section */
		89D5068F2D5B8A6B00046FA9 /* PBXContainerItemProxy */ = {
			isa = PBXContainerItemProxy;
			containerPortal = 89D506742D5B8A6900046FA9 /* Project object */;
			proxyType = 1;
			remoteGlobalIDString = 89D5067B2D5B8A6900046FA9;
			remoteInfo = WeatherCast;
		};
		89D506992D5B8A6B00046FA9 /* PBXContainerItemProxy */ = {
			isa = PBXContainerItemProxy;
			containerPortal = 89D506742D5B8A6900046FA9 /* Project object */;
			proxyType = 1;
			remoteGlobalIDString = 89D5067B2D5B8A6900046FA9;
			remoteInfo = WeatherCast;
		};
/* End PBXContainerItemProxy section */

/* Begin PBXFileReference section */
		89D5067C2D5B8A6900046FA9 /* WeatherCast.app */ = {isa = PBXFileReference; explicitFileType = wrapper.application; includeInIndex = 0; path = WeatherCast.app; sourceTree = BUILT_PRODUCTS_DIR; };
		89D5068E2D5B8A6B00046FA9 /* WeatherCastTests.xctest */ = {isa = PBXFileReference; explicitFileType = wrapper.cfbundle; includeInIndex = 0; path = WeatherCastTests.xctest; sourceTree = BUILT_PRODUCTS_DIR; };
		89D506982D5B8A6B00046FA9 /* WeatherCastUITests.xctest */ = {isa = PBXFileReference; explicitFileType = wrapper.cfbundle; includeInIndex = 0; path = WeatherCastUITests.xctest; sourceTree = BUILT_PRODUCTS_DIR; };
/* End PBXFileReference section */

/* Begin PBXFileSystemSynchronizedRootGroup section */
		89D5067E2D5B8A6900046FA9 /* WeatherCast */ = {
			isa = PBXFileSystemSynchronizedRootGroup;
			path = WeatherCast;
			sourceTree = "<group>";
		};
		89D506912D5B8A6B00046FA9 /* WeatherCastTests */ = {
			isa = PBXFileSystemSynchronizedRootGroup;
			path = WeatherCastTests;
			sourceTree = "<group>";
		};
		89D5069B2D5B8A6B00046FA9 /* WeatherCastUITests */ = {
			isa = PBXFileSystemSynchronizedRootGroup;
			path = WeatherCastUITests;
			sourceTree = "<group>";
		};
/* End PBXFileSystemSynchronizedRootGroup section */

/* Begin PBXFrameworksBuildPhase section */
		89D506792D5B8A6900046FA9 /* Frameworks */ = {
			isa = PBXFrameworksBuildPhase;
			buildActionMask = 2147483647;
			files = (
			);
			runOnlyForDeploymentPostprocessing = 0;
		};
		89D5068B2D5B8A6B00046FA9 /* Frameworks */ = {
			isa = PBXFrameworksBuildPhase;
			buildActionMask = 2147483647;
			files = (
			);
			runOnlyForDeploymentPostprocessing = 0;
		};
		89D506952D5B8A6B00046FA9 /* Frameworks */ = {
			isa = PBXFrameworksBuildPhase;
			buildActionMask = 2147483647;
			files = (
			);
			runOnlyForDeploymentPostprocessing = 0;
		};
/* End PBXFrameworksBuildPhase section */

/* Begin PBXGroup section */
		89D506732D5B8A6900046FA9 = {
			isa = PBXGroup;
			children = (
				89D5067E2D5B8A6900046FA9 /* WeatherCast */,
				89D506912D5B8A6B00046FA9 /* WeatherCastTests */,
				89D5069B2D5B8A6B00046FA9 /* WeatherCastUITests */,
				89D5067D2D5B8A6900046FA9 /* Products */,
			);
			sourceTree = "<group>";
		};
		89D5067D2D5B8A6900046FA9 /* Products */ = {
			isa = PBXGroup;
			children = (
				89D5067C2D5B8A6900046FA9 /* WeatherCast.app */,
				89D5068E2D5B8A6B00046FA9 /* WeatherCastTests.xctest */,
				89D506982D5B8A6B00046FA9 /* WeatherCastUITests.xctest */,
			);
			name = Products;
			sourceTree = "<group>";
		};
/* End PBXGroup section */

/* Begin PBXNativeTarget section */
		89D5067B2D5B8A6900046FA9 /* WeatherCast */ = {
			isa = PBXNativeTarget;
			buildConfigurationList = 89D506A22D5B8A6B00046FA9 /* Build configuration list for PBXNativeTarget "WeatherCast" */;
			buildPhases = (
				89D506782D5B8A6900046FA9 /* Sources */,
				89D506792D5B8A6900046FA9 /* Frameworks */,
				89D5067A2D5B8A6900046FA9 /* Resources */,
			);
			buildRules = (
			);
			dependencies = (
			);
			fileSystemSynchronizedGroups = (
				89D5067E2D5B8A6900046FA9 /* WeatherCast */,
			);
			name = WeatherCast;
			packageProductDependencies = (
			);
			productName = WeatherCast;
			productReference = 89D5067C2D5B8A6900046FA9 /* WeatherCast.app */;
			productType = "com.apple.product-type.application";
		};
		89D5068D2D5B8A6B00046FA9 /* WeatherCastTests */ = {
			isa = PBXNativeTarget;
			buildConfigurationList = 89D506A52D5B8A6B00046FA9 /* Build configuration list for PBXNativeTarget "WeatherCastTests" */;
			buildPhases = (
				89D5068A2D5B8A6B00046FA9 /* Sources */,
				89D5068B2D5B8A6B00046FA9 /* Frameworks */,
				89D5068C2D5B8A6B00046FA9 /* Resources */,
			);
			buildRules = (
			);
			dependencies = (
				89D506902D5B8A6B00046FA9 /* PBXTargetDependency */,
			);
			fileSystemSynchronizedGroups = (
				89D506912D5B8A6B00046FA9 /* WeatherCastTests */,
			);
			name = WeatherCastTests;
			packageProductDependencies = (
			);
			productName = WeatherCastTests;
			productReference = 89D5068E2D5B8A6B00046FA9 /* WeatherCastTests.xctest */;
			productType = "com.apple.product-type.bundle.unit-test";
		};
		89D506972D5B8A6B00046FA9 /* WeatherCastUITests */ = {
			isa = PBXNativeTarget;
			buildConfigurationList = 89D506A82D5B8A6B00046FA9 /* Build configuration list for PBXNativeTarget "WeatherCastUITests" */;
			buildPhases = (
				89D506942D5B8A6B00046FA9 /* Sources */,
				89D506952D5B8A6B00046FA9 /* Frameworks */,
				89D506962D5B8A6B00046FA9 /* Resources */,
			);
			buildRules = (
			);
			dependencies = (
				89D5069A2D5B8A6B00046FA9 /* PBXTargetDependency */,
			);
			fileSystemSynchronizedGroups = (
				89D5069B2D5B8A6B00046FA9 /* WeatherCastUITests */,
			);
			name = WeatherCastUITests;
			packageProductDependencies = (
			);
			productName = WeatherCastUITests;
			productReference = 89D506982D5B8A6B00046FA9 /* WeatherCastUITests.xctest */;
			productType = "com.apple.product-type.bundle.ui-testing";
		};
/* End PBXNativeTarget section */

/* Begin PBXProject section */
		89D506742D5B8A6900046FA9 /* Project object */ = {
			isa = PBXProject;
			attributes = {
				BuildIndependentTargetsInParallel = 1;
				LastSwiftUpdateCheck = 1620;
				LastUpgradeCheck = 1620;
				TargetAttributes = {
					89D5067B2D5B8A6900046FA9 = {
						CreatedOnToolsVersion = 16.2;
					};
					89D5068D2D5B8A6B00046FA9 = {
						CreatedOnToolsVersion = 16.2;
						TestTargetID = 89D5067B2D5B8A6900046FA9;
					};
					89D506972D5B8A6B00046FA9 = {
						CreatedOnToolsVersion = 16.2;
						TestTargetID = 89D5067B2D5B8A6900046FA9;
					};
				};
			};
			buildConfigurationList = 89D506772D5B8A6900046FA9 /* Build configuration list for PBXProject "WeatherCast" */;
			developmentRegion = en;
			hasScannedForEncodings = 0;
			knownRegions = (
				en,
				Base,
			);
			mainGroup = 89D506732D5B8A6900046FA9;
			minimizedProjectReferenceProxies = 1;
			preferredProjectObjectVersion = 77;
			productRefGroup = 89D5067D2D5B8A6900046FA9 /* Products */;
			projectDirPath = "";
			projectRoot = "";
			targets = (
				89D5067B2D5B8A6900046FA9 /* WeatherCast */,
				89D5068D2D5B8A6B00046FA9 /* WeatherCastTests */,
				89D506972D5B8A6B00046FA9 /* WeatherCastUITests */,
			);
		};
/* End PBXProject section */

/* Begin PBXResourcesBuildPhase section */
		89D5067A2D5B8A6900046FA9 /* Resources */ = {
			isa = PBXResourcesBuildPhase;
			buildActionMask = 2147483647;
			files = (
			);
			runOnlyForDeploymentPostprocessing = 0;
		};
		89D5068C2D5B8A6B00046FA9 /* Resources */ = {
			isa = PBXResourcesBuildPhase;
			buildActionMask = 2147483647;
			files = (
			);
			runOnlyForDeploymentPostprocessing = 0;
		};
		89D506962D5B8A6B00046FA9 /* Resources */ = {
			isa = PBXResourcesBuildPhase;
			buildActionMask = 2147483647;
			files = (
			);
			runOnlyForDeploymentPostprocessing = 0;
		};
/* End PBXResourcesBuildPhase section */

/* Begin PBXSourcesBuildPhase section */
		89D506782D5B8A6900046FA9 /* Sources */ = {
			isa = PBXSourcesBuildPhase;
			buildActionMask = 2147483647;
			files = (
			);
			runOnlyForDeploymentPostprocessing = 0;
		};
		89D5068A2D5B8A6B00046FA9 /* Sources */ = {
			isa = PBXSourcesBuildPhase;
			buildActionMask = 2147483647;
			files = (
			);
			runOnlyForDeploymentPostprocessing = 0;
		};
		89D506942D5B8A6B00046FA9 /* Sources */ = {
			isa = PBXSourcesBuildPhase;
			buildActionMask = 2147483647;
			files = (
			);
			runOnlyForDeploymentPostprocessing = 0;
		};
/* End PBXSourcesBuildPhase section */

/* Begin PBXTargetDependency section */
		89D506902D5B8A6B00046FA9 /* PBXTargetDependency */ = {
			isa = PBXTargetDependency;
			target = 89D5067B2D5B8A6900046FA9 /* WeatherCast */;
			targetProxy = 89D5068F2D5B8A6B00046FA9 /* PBXContainerItemProxy */;
		};
		89D5069A2D5B8A6B00046FA9 /* PBXTargetDependency */ = {
			isa = PBXTargetDependency;
			target = 89D5067B2D5B8A6900046FA9 /* WeatherCast */;
			targetProxy = 89D506992D5B8A6B00046FA9 /* PBXContainerItemProxy */;
		};
/* End PBXTargetDependency section */

/* Begin XCBuildConfiguration section */
		89D506A02D5B8A6B00046FA9 /* Debug */ = {
			isa = XCBuildConfiguration;
			buildSettings = {
				ALWAYS_SEARCH_USER_PATHS = NO;
				ASSETCATALOG_COMPILER_GENERATE_SWIFT_ASSET_SYMBOL_EXTENSIONS = YES;
				CLANG_ANALYZER_NONNULL = YES;
				CLANG_ANALYZER_NUMBER_OBJECT_CONVERSION = YES_AGGRESSIVE;
				CLANG_CXX_LANGUAGE_STANDARD = "gnu++20";
				CLANG_ENABLE_MODULES = YES;
				CLANG_ENABLE_OBJC_ARC = YES;
				CLANG_ENABLE_OBJC_WEAK = YES;
				CLANG_WARN_BLOCK_CAPTURE_AUTORELEASING = YES;
				CLANG_WARN_BOOL_CONVERSION = YES;
				CLANG_WARN_COMMA = YES;
				CLANG_WARN_CONSTANT_CONVERSION = YES;
				CLANG_WARN_DEPRECATED_OBJC_IMPLEMENTATIONS = YES;
				CLANG_WARN_DIRECT_OBJC_ISA_USAGE = YES_ERROR;
				CLANG_WARN_DOCUMENTATION_COMMENTS = YES;
				CLANG_WARN_EMPTY_BODY = YES;
				CLANG_WARN_ENUM_CONVERSION = YES;
				CLANG_WARN_INFINITE_RECURSION = YES;
				CLANG_WARN_INT_CONVERSION = YES;
				CLANG_WARN_NON_LITERAL_NULL_CONVERSION = YES;
				CLANG_WARN_OBJC_IMPLICIT_RETAIN_SELF = YES;
				CLANG_WARN_OBJC_LITERAL_CONVERSION = YES;
				CLANG_WARN_OBJC_ROOT_CLASS = YES_ERROR;
				CLANG_WARN_QUOTED_INCLUDE_IN_FRAMEWORK_HEADER = YES;
				CLANG_WARN_RANGE_LOOP_ANALYSIS = YES;
				CLANG_WARN_STRICT_PROTOTYPES = YES;
				CLANG_WARN_SUSPICIOUS_MOVE = YES;
				CLANG_WARN_UNGUARDED_AVAILABILITY = YES_AGGRESSIVE;
				CLANG_WARN_UNREACHABLE_CODE = YES;
				CLANG_WARN__DUPLICATE_METHOD_MATCH = YES;
				COPY_PHASE_STRIP = NO;
				DEBUG_INFORMATION_FORMAT = dwarf;
				ENABLE_STRICT_OBJC_MSGSEND = YES;
				ENABLE_TESTABILITY = YES;
				ENABLE_USER_SCRIPT_SANDBOXING = YES;
				GCC_C_LANGUAGE_STANDARD = gnu17;
				GCC_DYNAMIC_NO_PIC = NO;
				GCC_NO_COMMON_BLOCKS = YES;
				GCC_OPTIMIZATION_LEVEL = 0;
				GCC_PREPROCESSOR_DEFINITIONS = (
					"DEBUG=1",
					"$(inherited)",
				);
				GCC_WARN_64_TO_32_BIT_CONVERSION = YES;
				GCC_WARN_ABOUT_RETURN_TYPE = YES_ERROR;
				GCC_WARN_UNDECLARED_SELECTOR = YES;
				GCC_WARN_UNINITIALIZED_AUTOS = YES_AGGRESSIVE;
				GCC_WARN_UNUSED_FUNCTION = YES;
				GCC_WARN_UNUSED_VARIABLE = YES;
				IPHONEOS_DEPLOYMENT_TARGET = 18.2;
				LOCALIZATION_PREFERS_STRING_CATALOGS = YES;
				MTL_ENABLE_DEBUG_INFO = INCLUDE_SOURCE;
				MTL_FAST_MATH = YES;
				ONLY_ACTIVE_ARCH = YES;
				SDKROOT = iphoneos;
				SWIFT_ACTIVE_COMPILATION_CONDITIONS = "DEBUG $(inherited)";
				SWIFT_OPTIMIZATION_LEVEL = "-Onone";
			};
			name = Debug;
		};
		89D506A12D5B8A6B00046FA9 /* Release */ = {
			isa = XCBuildConfiguration;
			buildSettings = {
				ALWAYS_SEARCH_USER_PATHS = NO;
				ASSETCATALOG_COMPILER_GENERATE_SWIFT_ASSET_SYMBOL_EXTENSIONS = YES;
				CLANG_ANALYZER_NONNULL = YES;
				CLANG_ANALYZER_NUMBER_OBJECT_CONVERSION = YES_AGGRESSIVE;
				CLANG_CXX_LANGUAGE_STANDARD = "gnu++20";
				CLANG_ENABLE_MODULES = YES;
				CLANG_ENABLE_OBJC_ARC = YES;
				CLANG_ENABLE_OBJC_WEAK = YES;
				CLANG_WARN_BLOCK_CAPTURE_AUTORELEASING = YES;
				CLANG_WARN_BOOL_CONVERSION = YES;
				CLANG_WARN_COMMA = YES;
				CLANG_WARN_CONSTANT_CONVERSION = YES;
				CLANG_WARN_DEPRECATED_OBJC_IMPLEMENTATIONS = YES;
				CLANG_WARN_DIRECT_OBJC_ISA_USAGE = YES_ERROR;
				CLANG_WARN_DOCUMENTATION_COMMENTS = YES;
				CLANG_WARN_EMPTY_BODY = YES;
				CLANG_WARN_ENUM_CONVERSION = YES;
				CLANG_WARN_INFINITE_RECURSION = YES;
				CLANG_WARN_INT_CONVERSION = YES;
				CLANG_WARN_NON_LITERAL_NULL_CONVERSION = YES;
				CLANG_WARN_OBJC_IMPLICIT_RETAIN_SELF = YES;
				CLANG_WARN_OBJC_LITERAL_CONVERSION = YES;
				CLANG_WARN_OBJC_ROOT_CLASS = YES_ERROR;
				CLANG_WARN_QUOTED_INCLUDE_IN_FRAMEWORK_HEADER = YES;
				CLANG_WARN_RANGE_LOOP_ANALYSIS = YES;
				CLANG_WARN_STRICT_PROTOTYPES = YES;
				CLANG_WARN_SUSPICIOUS_MOVE = YES;
				CLANG_WARN_UNGUARDED_AVAILABILITY = YES_AGGRESSIVE;
				CLANG_WARN_UNREACHABLE_CODE = YES;
				CLANG_WARN__DUPLICATE_METHOD_MATCH = YES;
				COPY_PHASE_STRIP = NO;
				DEBUG_INFORMATION_FORMAT = "dwarf-with-dsym";
				ENABLE_NS_ASSERTIONS = NO;
				ENABLE_STRICT_OBJC_MSGSEND = YES;
				ENABLE_USER_SCRIPT_SANDBOXING = YES;
				GCC_C_LANGUAGE_STANDARD = gnu17;
				GCC_NO_COMMON_BLOCKS = YES;
				GCC_WARN_64_TO_32_BIT_CONVERSION = YES;
				GCC_WARN_ABOUT_RETURN_TYPE = YES_ERROR;
				GCC_WARN_UNDECLARED_SELECTOR = YES;
				GCC_WARN_UNINITIALIZED_AUTOS = YES_AGGRESSIVE;
				GCC_WARN_UNUSED_FUNCTION = YES;
				GCC_WARN_UNUSED_VARIABLE = YES;
				IPHONEOS_DEPLOYMENT_TARGET = 18.2;
				LOCALIZATION_PREFERS_STRING_CATALOGS = YES;
				MTL_ENABLE_DEBUG_INFO = NO;
				MTL_FAST_MATH = YES;
				SDKROOT = iphoneos;
				SWIFT_COMPILATION_MODE = wholemodule;
				VALIDATE_PRODUCT = YES;
			};
			name = Release;
		};
		89D506A32D5B8A6B00046FA9 /* Debug */ = {
			isa = XCBuildConfiguration;
			buildSettings = {
				ASSETCATALOG_COMPILER_APPICON_NAME = AppIcon;
				ASSETCATALOG_COMPILER_GLOBAL_ACCENT_COLOR_NAME = AccentColor;
				CODE_SIGN_STYLE = Automatic;
				CURRENT_PROJECT_VERSION = 1;
				DEVELOPMENT_ASSET_PATHS = "\"WeatherCast/Preview Content\"";
				ENABLE_PREVIEWS = YES;
				GENERATE_INFOPLIST_FILE = YES;
				INFOPLIST_KEY_UIApplicationSceneManifest_Generation = YES;
				INFOPLIST_KEY_UIApplicationSupportsIndirectInputEvents = YES;
				INFOPLIST_KEY_UILaunchScreen_Generation = YES;
				INFOPLIST_KEY_UISupportedInterfaceOrientations_iPad = "UIInterfaceOrientationPortrait UIInterfaceOrientationPortraitUpsideDown UIInterfaceOrientationLandscapeLeft UIInterfaceOrientationLandscapeRight";
				INFOPLIST_KEY_UISupportedInterfaceOrientations_iPhone = "UIInterfaceOrientationPortrait UIInterfaceOrientationLandscapeLeft UIInterfaceOrientationLandscapeRight";
				LD_RUNPATH_SEARCH_PATHS = (
					"$(inherited)",
					"@executable_path/Frameworks",
				);
				MARKETING_VERSION = 1.0;
				PRODUCT_BUNDLE_IDENTIFIER = test.WeatherCast;
				PRODUCT_NAME = "$(TARGET_NAME)";
				SWIFT_EMIT_LOC_STRINGS = YES;
				SWIFT_VERSION = 5.0;
				TARGETED_DEVICE_FAMILY = "1,2";
			};
			name = Debug;
		};
		89D506A42D5B8A6B00046FA9 /* Release */ = {
			isa = XCBuildConfiguration;
			buildSettings = {
				ASSETCATALOG_COMPILER_APPICON_NAME = AppIcon;
				ASSETCATALOG_COMPILER_GLOBAL_ACCENT_COLOR_NAME = AccentColor;
				CODE_SIGN_STYLE = Automatic;
				CURRENT_PROJECT_VERSION = 1;
				DEVELOPMENT_ASSET_PATHS = "\"WeatherCast/Preview Content\"";
				ENABLE_PREVIEWS = YES;
				GENERATE_INFOPLIST_FILE = YES;
				INFOPLIST_KEY_UIApplicationSceneManifest_Generation = YES;
				INFOPLIST_KEY_UIApplicationSupportsIndirectInputEvents = YES;
				INFOPLIST_KEY_UILaunchScreen_Generation = YES;
				INFOPLIST_KEY_UISupportedInterfaceOrientations_iPad = "UIInterfaceOrientationPortrait UIInterfaceOrientationPortraitUpsideDown UIInterfaceOrientationLandscapeLeft UIInterfaceOrientationLandscapeRight";
				INFOPLIST_KEY_UISupportedInterfaceOrientations_iPhone = "UIInterfaceOrientationPortrait UIInterfaceOrientationLandscapeLeft UIInterfaceOrientationLandscapeRight";
				LD_RUNPATH_SEARCH_PATHS = (
					"$(inherited)",
					"@executable_path/Frameworks",
				);
				MARKETING_VERSION = 1.0;
				PRODUCT_BUNDLE_IDENTIFIER = test.WeatherCast;
				PRODUCT_NAME = "$(TARGET_NAME)";
				SWIFT_EMIT_LOC_STRINGS = YES;
				SWIFT_VERSION = 5.0;
				TARGETED_DEVICE_FAMILY = "1,2";
			};
			name = Release;
		};
		89D506A62D5B8A6B00046FA9 /* Debug */ = {
			isa = XCBuildConfiguration;
			buildSettings = {
				BUNDLE_LOADER = "$(TEST_HOST)";
				CODE_SIGN_STYLE = Automatic;
				CURRENT_PROJECT_VERSION = 1;
				GENERATE_INFOPLIST_FILE = YES;
				IPHONEOS_DEPLOYMENT_TARGET = 18.2;
				MARKETING_VERSION = 1.0;
				PRODUCT_BUNDLE_IDENTIFIER = test.WeatherCastTests;
				PRODUCT_NAME = "$(TARGET_NAME)";
				SWIFT_EMIT_LOC_STRINGS = NO;
				SWIFT_VERSION = 5.0;
				TARGETED_DEVICE_FAMILY = "1,2";
				TEST_HOST = "$(BUILT_PRODUCTS_DIR)/WeatherCast.app/$(BUNDLE_EXECUTABLE_FOLDER_PATH)/WeatherCast";
			};
			name = Debug;
		};
		89D506A72D5B8A6B00046FA9 /* Release */ = {
			isa = XCBuildConfiguration;
			buildSettings = {
				BUNDLE_LOADER = "$(TEST_HOST)";
				CODE_SIGN_STYLE = Automatic;
				CURRENT_PROJECT_VERSION = 1;
				GENERATE_INFOPLIST_FILE = YES;
				IPHONEOS_DEPLOYMENT_TARGET = 18.2;
				MARKETING_VERSION = 1.0;
				PRODUCT_BUNDLE_IDENTIFIER = test.WeatherCastTests;
				PRODUCT_NAME = "$(TARGET_NAME)";
				SWIFT_EMIT_LOC_STRINGS = NO;
				SWIFT_VERSION = 5.0;
				TARGETED_DEVICE_FAMILY = "1,2";
				TEST_HOST = "$(BUILT_PRODUCTS_DIR)/WeatherCast.app/$(BUNDLE_EXECUTABLE_FOLDER_PATH)/WeatherCast";
			};
			name = Release;
		};
		89D506A92D5B8A6B00046FA9 /* Debug */ = {
			isa = XCBuildConfiguration;
			buildSettings = {
				CODE_SIGN_STYLE = Automatic;
				CURRENT_PROJECT_VERSION = 1;
				GENERATE_INFOPLIST_FILE = YES;
				MARKETING_VERSION = 1.0;
				PRODUCT_BUNDLE_IDENTIFIER = test.WeatherCastUITests;
				PRODUCT_NAME = "$(TARGET_NAME)";
				SWIFT_EMIT_LOC_STRINGS = NO;
				SWIFT_VERSION = 5.0;
				TARGETED_DEVICE_FAMILY = "1,2";
				TEST_TARGET_NAME = WeatherCast;
			};
			name = Debug;
		};
		89D506AA2D5B8A6B00046FA9 /* Release */ = {
			isa = XCBuildConfiguration;
			buildSettings = {
				CODE_SIGN_STYLE = Automatic;
				CURRENT_PROJECT_VERSION = 1;
				GENERATE_INFOPLIST_FILE = YES;
				MARKETING_VERSION = 1.0;
				PRODUCT_BUNDLE_IDENTIFIER = test.WeatherCastUITests;
				PRODUCT_NAME = "$(TARGET_NAME)";
				SWIFT_EMIT_LOC_STRINGS = NO;
				SWIFT_VERSION = 5.0;
				TARGETED_DEVICE_FAMILY = "1,2";
				TEST_TARGET_NAME = WeatherCast;
			};
			name = Release;
		};
/* End XCBuildConfiguration section */

/* Begin XCConfigurationList section */
		89D506772D5B8A6900046FA9 /* Build configuration list for PBXProject "WeatherCast" */ = {
			isa = XCConfigurationList;
			buildConfigurations = (
				89D506A02D5B8A6B00046FA9 /* Debug */,
				89D506A12D5B8A6B00046FA9 /* Release */,
			);
			defaultConfigurationIsVisible = 0;
			defaultConfigurationName = Release;
		};
		89D506A22D5B8A6B00046FA9 /* Build configuration list for PBXNativeTarget "WeatherCast" */ = {
			isa = XCConfigurationList;
			buildConfigurations = (
				89D506A32D5B8A6B00046FA9 /* Debug */,
				89D506A42D5B8A6B00046FA9 /* Release */,
			);
			defaultConfigurationIsVisible = 0;
			defaultConfigurationName = Release;
		};
		89D506A52D5B8A6B00046FA9 /* Build configuration list for PBXNativeTarget "WeatherCastTests" */ = {
			isa = XCConfigurationList;
			buildConfigurations = (
				89D506A62D5B8A6B00046FA9 /* Debug */,
				89D506A72D5B8A6B00046FA9 /* Release */,
			);
			defaultConfigurationIsVisible = 0;
			defaultConfigurationName = Release;
		};
		89D506A82D5B8A6B00046FA9 /* Build configuration list for PBXNativeTarget "WeatherCastUITests" */ = {
			isa = XCConfigurationList;
			buildConfigurations = (
				89D506A92D5B8A6B00046FA9 /* Debug */,
				89D506AA2D5B8A6B00046FA9 /* Release */,
			);
			defaultConfigurationIsVisible = 0;
			defaultConfigurationName = Release;
		};
/* End XCConfigurationList section */
	};
	rootObject = 89D506742D5B8A6900046FA9 /* Project object */;
}
